
Microsoft Visual Studio Solution File, Format Version 12.00
# Visual Studio Version 16
VisualStudioVersion = 16.0.30717.126
MinimumVisualStudioVersion = 10.0.40219.1
Project("{FAE04EC0-301F-11D3-BF4B-00C04F79EFBC}") = "GraphPrototype", "GraphPrototype\GraphPrototype.csproj", "{5E4798F2-5CE5-4A1D-A347-0B50E0769934}"
EndProject
Global
	GlobalSection(SolutionConfigurationPlatforms) = preSolution
		Debug|Any CPU = Debug|Any CPU
		Release|Any CPU = Release|Any CPU
	EndGlobalSection
	GlobalSection(ProjectConfigurationPlatforms) = postSolution
		{5E4798F2-5CE5-4A1D-A347-0B50E0769934}.Debug|Any CPU.ActiveCfg = Debug|Any CPU
		{5E4798F2-5CE5-4A1D-A347-0B50E0769934}.Debug|Any CPU.Build.0 = Debug|Any CPU
		{5E4798F2-5CE5-4A1D-A347-0B50E0769934}.Release|Any CPU.ActiveCfg = Release|Any CPU
		{5E4798F2-5CE5-4A1D-A347-0B50E0769934}.Release|Any CPU.Build.0 = Release|Any CPU
	EndGlobalSection
	GlobalSection(SolutionProperties) = preSolution
		HideSolutionNode = FALSE
	EndGlobalSection
	GlobalSection(ExtensibilityGlobals) = postSolution
		SolutionGuid = {F8534BB5-BB29-484C-9D6A-6D7F7307DB6C}
	EndGlobalSection
EndGlobal
